// !$*UTF8*$!
{
	archiveVersion = 1;
	classes = {
	};
	objectVersion = 50;
	objects = {

/* Begin PBXBuildFile section */
		C18E94EE21FB25BC0082A01A /* AppDelegate.swift in Sources */ = {isa = PBXBuildFile; fileRef = C18E94ED21FB25BC0082A01A /* AppDelegate.swift */; };
		C18E94F521FB25BF0082A01A /* Assets.xcassets in Resources */ = {isa = PBXBuildFile; fileRef = C18E94F421FB25BF0082A01A /* Assets.xcassets */; };
		C18E94F821FB25BF0082A01A /* LaunchScreen.storyboard in Resources */ = {isa = PBXBuildFile; fileRef = C18E94F621FB25BF0082A01A /* LaunchScreen.storyboard */; };
		C18E950421FB2DD90082A01A /* Coordinator.swift in Sources */ = {isa = PBXBuildFile; fileRef = C18E950321FB2DD90082A01A /* Coordinator.swift */; };
		C18E950621FB2DF90082A01A /* StoryboardInstantiable.swift in Sources */ = {isa = PBXBuildFile; fileRef = C18E950521FB2DF90082A01A /* StoryboardInstantiable.swift */; };
		C18E950821FB2F690082A01A /* AppCoordinator.swift in Sources */ = {isa = PBXBuildFile; fileRef = C18E950721FB2F690082A01A /* AppCoordinator.swift */; };
		C18E950B21FB31330082A01A /* CurrentLocationViewController.swift in Sources */ = {isa = PBXBuildFile; fileRef = C18E950A21FB31330082A01A /* CurrentLocationViewController.swift */; };
		C18E950F21FB31A70082A01A /* CurrentLocationViewController.storyboard in Resources */ = {isa = PBXBuildFile; fileRef = C18E950E21FB31A70082A01A /* CurrentLocationViewController.storyboard */; };
		C18E951121FB32600082A01A /* CurrentLocationCoordinator.swift in Sources */ = {isa = PBXBuildFile; fileRef = C18E951021FB32600082A01A /* CurrentLocationCoordinator.swift */; };
		C18E951421FB3D170082A01A /* SunriseSunsetManager.swift in Sources */ = {isa = PBXBuildFile; fileRef = C18E951321FB3D170082A01A /* SunriseSunsetManager.swift */; };
		C18E951721FB40A50082A01A /* SunsetSunriseInfo.swift in Sources */ = {isa = PBXBuildFile; fileRef = C18E951621FB40A50082A01A /* SunsetSunriseInfo.swift */; };
		C18E951B21FB5CDF0082A01A /* LocationInfoViewModel.swift in Sources */ = {isa = PBXBuildFile; fileRef = C18E951A21FB5CDF0082A01A /* LocationInfoViewModel.swift */; };
		C18E951E21FB67A90082A01A /* FindCityViewController.swift in Sources */ = {isa = PBXBuildFile; fileRef = C18E951D21FB67A90082A01A /* FindCityViewController.swift */; };
		C18E952021FB67CE0082A01A /* FindCityViewController.storyboard in Resources */ = {isa = PBXBuildFile; fileRef = C18E951F21FB67CE0082A01A /* FindCityViewController.storyboard */; };
		C18E952221FB67FA0082A01A /* FindCityCoordinator.swift in Sources */ = {isa = PBXBuildFile; fileRef = C18E952121FB67FA0082A01A /* FindCityCoordinator.swift */; };
		C18E952421FB6ABE0082A01A /* GooglePlacesManager.swift in Sources */ = {isa = PBXBuildFile; fileRef = C18E952321FB6ABE0082A01A /* GooglePlacesManager.swift */; };
		C18E952621FB6E4D0082A01A /* GooglePlaceInfo.swift in Sources */ = {isa = PBXBuildFile; fileRef = C18E952521FB6E4D0082A01A /* GooglePlaceInfo.swift */; };
		C18E952B21FB85B70082A01A /* UI + extensions.swift in Sources */ = {isa = PBXBuildFile; fileRef = C18E952A21FB85B70082A01A /* UI + extensions.swift */; };
		C18E952D21FB92780082A01A /* TimeZoneModel.swift in Sources */ = {isa = PBXBuildFile; fileRef = C18E952C21FB92780082A01A /* TimeZoneModel.swift */; };
		C18E953021FBAD820082A01A /* ListOfLocationsViewController.swift in Sources */ = {isa = PBXBuildFile; fileRef = C18E952F21FBAD820082A01A /* ListOfLocationsViewController.swift */; };
		C18E953221FBADA20082A01A /* ListOfLocationsViewController.storyboard in Resources */ = {isa = PBXBuildFile; fileRef = C18E953121FBADA20082A01A /* ListOfLocationsViewController.storyboard */; };
		C18E953421FBADD50082A01A /* ListOfLocationsCoordinator.swift in Sources */ = {isa = PBXBuildFile; fileRef = C18E953321FBADD50082A01A /* ListOfLocationsCoordinator.swift */; };
		C18E953721FBAEF10082A01A /* ListOfLocationsViewModel.swift in Sources */ = {isa = PBXBuildFile; fileRef = C18E953621FBAEF10082A01A /* ListOfLocationsViewModel.swift */; };
		C18E953B21FBB20C0082A01A /* ListOfLocationsTableViewCell.swift in Sources */ = {isa = PBXBuildFile; fileRef = C18E953921FBB20B0082A01A /* ListOfLocationsTableViewCell.swift */; };
		C18E953C21FBB20C0082A01A /* ListOfLocationsTableViewCell.xib in Resources */ = {isa = PBXBuildFile; fileRef = C18E953A21FBB20C0082A01A /* ListOfLocationsTableViewCell.xib */; };
		C18E953F21FBC4640082A01A /* AddLocationTableViewCell.swift in Sources */ = {isa = PBXBuildFile; fileRef = C18E953D21FBC4640082A01A /* AddLocationTableViewCell.swift */; };
		C18E954021FBC4640082A01A /* AddLocationTableViewCell.xib in Resources */ = {isa = PBXBuildFile; fileRef = C18E953E21FBC4640082A01A /* AddLocationTableViewCell.xib */; };
		C18E954221FC6D4A0082A01A /* LocationStorage.swift in Sources */ = {isa = PBXBuildFile; fileRef = C18E954121FC6D4A0082A01A /* LocationStorage.swift */; };
		C18E954521FC860D0082A01A /* InfoViewController.swift in Sources */ = {isa = PBXBuildFile; fileRef = C18E954421FC860C0082A01A /* InfoViewController.swift */; };
		C18E954721FC86250082A01A /* InfoViewController.storyboard in Resources */ = {isa = PBXBuildFile; fileRef = C18E954621FC86250082A01A /* InfoViewController.storyboard */; };
		C18E954921FC865A0082A01A /* InfoCoordinator.swift in Sources */ = {isa = PBXBuildFile; fileRef = C18E954821FC865A0082A01A /* InfoCoordinator.swift */; };
/* End PBXBuildFile section */

/* Begin PBXFileReference section */
		C18E94EA21FB25BC0082A01A /* SunriseSunset.app */ = {isa = PBXFileReference; explicitFileType = wrapper.application; includeInIndex = 0; path = SunriseSunset.app; sourceTree = BUILT_PRODUCTS_DIR; };
		C18E94ED21FB25BC0082A01A /* AppDelegate.swift */ = {isa = PBXFileReference; lastKnownFileType = sourcecode.swift; path = AppDelegate.swift; sourceTree = "<group>"; };
		C18E94F421FB25BF0082A01A /* Assets.xcassets */ = {isa = PBXFileReference; lastKnownFileType = folder.assetcatalog; path = Assets.xcassets; sourceTree = "<group>"; };
		C18E94F721FB25BF0082A01A /* Base */ = {isa = PBXFileReference; lastKnownFileType = file.storyboard; name = Base; path = Base.lproj/LaunchScreen.storyboard; sourceTree = "<group>"; };
		C18E94F921FB25BF0082A01A /* Info.plist */ = {isa = PBXFileReference; lastKnownFileType = text.plist.xml; path = Info.plist; sourceTree = "<group>"; };
		C18E950321FB2DD90082A01A /* Coordinator.swift */ = {isa = PBXFileReference; lastKnownFileType = sourcecode.swift; path = Coordinator.swift; sourceTree = "<group>"; };
		C18E950521FB2DF90082A01A /* StoryboardInstantiable.swift */ = {isa = PBXFileReference; lastKnownFileType = sourcecode.swift; path = StoryboardInstantiable.swift; sourceTree = "<group>"; };
		C18E950721FB2F690082A01A /* AppCoordinator.swift */ = {isa = PBXFileReference; lastKnownFileType = sourcecode.swift; path = AppCoordinator.swift; sourceTree = "<group>"; };
		C18E950A21FB31330082A01A /* CurrentLocationViewController.swift */ = {isa = PBXFileReference; lastKnownFileType = sourcecode.swift; path = CurrentLocationViewController.swift; sourceTree = "<group>"; };
		C18E950E21FB31A70082A01A /* CurrentLocationViewController.storyboard */ = {isa = PBXFileReference; lastKnownFileType = file.storyboard; path = CurrentLocationViewController.storyboard; sourceTree = "<group>"; };
		C18E951021FB32600082A01A /* CurrentLocationCoordinator.swift */ = {isa = PBXFileReference; lastKnownFileType = sourcecode.swift; path = CurrentLocationCoordinator.swift; sourceTree = "<group>"; };
		C18E951321FB3D170082A01A /* SunriseSunsetManager.swift */ = {isa = PBXFileReference; lastKnownFileType = sourcecode.swift; path = SunriseSunsetManager.swift; sourceTree = "<group>"; };
		C18E951621FB40A50082A01A /* SunsetSunriseInfo.swift */ = {isa = PBXFileReference; lastKnownFileType = sourcecode.swift; path = SunsetSunriseInfo.swift; sourceTree = "<group>"; };
		C18E951A21FB5CDF0082A01A /* LocationInfoViewModel.swift */ = {isa = PBXFileReference; lastKnownFileType = sourcecode.swift; path = LocationInfoViewModel.swift; sourceTree = "<group>"; };
		C18E951D21FB67A90082A01A /* FindCityViewController.swift */ = {isa = PBXFileReference; lastKnownFileType = sourcecode.swift; path = FindCityViewController.swift; sourceTree = "<group>"; };
		C18E951F21FB67CE0082A01A /* FindCityViewController.storyboard */ = {isa = PBXFileReference; lastKnownFileType = file.storyboard; path = FindCityViewController.storyboard; sourceTree = "<group>"; };
		C18E952121FB67FA0082A01A /* FindCityCoordinator.swift */ = {isa = PBXFileReference; lastKnownFileType = sourcecode.swift; path = FindCityCoordinator.swift; sourceTree = "<group>"; };
		C18E952321FB6ABE0082A01A /* GooglePlacesManager.swift */ = {isa = PBXFileReference; lastKnownFileType = sourcecode.swift; path = GooglePlacesManager.swift; sourceTree = "<group>"; };
		C18E952521FB6E4D0082A01A /* GooglePlaceInfo.swift */ = {isa = PBXFileReference; lastKnownFileType = sourcecode.swift; path = GooglePlaceInfo.swift; sourceTree = "<group>"; };
		C18E952A21FB85B70082A01A /* UI + extensions.swift */ = {isa = PBXFileReference; lastKnownFileType = sourcecode.swift; path = "UI + extensions.swift"; sourceTree = "<group>"; };
		C18E952C21FB92780082A01A /* TimeZoneModel.swift */ = {isa = PBXFileReference; lastKnownFileType = sourcecode.swift; path = TimeZoneModel.swift; sourceTree = "<group>"; };
		C18E952F21FBAD820082A01A /* ListOfLocationsViewController.swift */ = {isa = PBXFileReference; lastKnownFileType = sourcecode.swift; path = ListOfLocationsViewController.swift; sourceTree = "<group>"; };
		C18E953121FBADA20082A01A /* ListOfLocationsViewController.storyboard */ = {isa = PBXFileReference; lastKnownFileType = file.storyboard; path = ListOfLocationsViewController.storyboard; sourceTree = "<group>"; };
		C18E953321FBADD50082A01A /* ListOfLocationsCoordinator.swift */ = {isa = PBXFileReference; lastKnownFileType = sourcecode.swift; path = ListOfLocationsCoordinator.swift; sourceTree = "<group>"; };
		C18E953621FBAEF10082A01A /* ListOfLocationsViewModel.swift */ = {isa = PBXFileReference; lastKnownFileType = sourcecode.swift; path = ListOfLocationsViewModel.swift; sourceTree = "<group>"; };
		C18E953921FBB20B0082A01A /* ListOfLocationsTableViewCell.swift */ = {isa = PBXFileReference; lastKnownFileType = sourcecode.swift; path = ListOfLocationsTableViewCell.swift; sourceTree = "<group>"; };
		C18E953A21FBB20C0082A01A /* ListOfLocationsTableViewCell.xib */ = {isa = PBXFileReference; lastKnownFileType = file.xib; path = ListOfLocationsTableViewCell.xib; sourceTree = "<group>"; };
		C18E953D21FBC4640082A01A /* AddLocationTableViewCell.swift */ = {isa = PBXFileReference; lastKnownFileType = sourcecode.swift; path = AddLocationTableViewCell.swift; sourceTree = "<group>"; };
		C18E953E21FBC4640082A01A /* AddLocationTableViewCell.xib */ = {isa = PBXFileReference; lastKnownFileType = file.xib; path = AddLocationTableViewCell.xib; sourceTree = "<group>"; };
		C18E954121FC6D4A0082A01A /* LocationStorage.swift */ = {isa = PBXFileReference; lastKnownFileType = sourcecode.swift; path = LocationStorage.swift; sourceTree = "<group>"; };
		C18E954421FC860C0082A01A /* InfoViewController.swift */ = {isa = PBXFileReference; lastKnownFileType = sourcecode.swift; path = InfoViewController.swift; sourceTree = "<group>"; };
		C18E954621FC86250082A01A /* InfoViewController.storyboard */ = {isa = PBXFileReference; lastKnownFileType = file.storyboard; path = InfoViewController.storyboard; sourceTree = "<group>"; };
		C18E954821FC865A0082A01A /* InfoCoordinator.swift */ = {isa = PBXFileReference; lastKnownFileType = sourcecode.swift; path = InfoCoordinator.swift; sourceTree = "<group>"; };
/* End PBXFileReference section */

/* Begin PBXFrameworksBuildPhase section */
		C18E94E721FB25BC0082A01A /* Frameworks */ = {
			isa = PBXFrameworksBuildPhase;
			buildActionMask = 2147483647;
			files = (
			);
			runOnlyForDeploymentPostprocessing = 0;
		};
/* End PBXFrameworksBuildPhase section */

/* Begin PBXGroup section */
		C18E94E121FB25BC0082A01A = {
			isa = PBXGroup;
			children = (
				C18E94EC21FB25BC0082A01A /* SunriseSunset */,
				C18E94EB21FB25BC0082A01A /* Products */,
			);
			sourceTree = "<group>";
		};
		C18E94EB21FB25BC0082A01A /* Products */ = {
			isa = PBXGroup;
			children = (
				C18E94EA21FB25BC0082A01A /* SunriseSunset.app */,
			);
			name = Products;
			sourceTree = "<group>";
		};
		C18E94EC21FB25BC0082A01A /* SunriseSunset */ = {
			isa = PBXGroup;
			children = (
				C18E951221FB3CF50082A01A /* ApiManagers */,
				C18E950221FB2D9D0082A01A /* Coordinator related */,
				C18E950121FB2D710082A01A /* Screens */,
				C18E950021FB2D6C0082A01A /* Models */,
				C18E94FF21FB2D5B0082A01A /* Application */,
				C18E94F421FB25BF0082A01A /* Assets.xcassets */,
				C18E94F621FB25BF0082A01A /* LaunchScreen.storyboard */,
			);
			path = SunriseSunset;
			sourceTree = "<group>";
		};
		C18E94FF21FB2D5B0082A01A /* Application */ = {
			isa = PBXGroup;
			children = (
				C18E94F921FB25BF0082A01A /* Info.plist */,
				C18E94ED21FB25BC0082A01A /* AppDelegate.swift */,
				C18E950721FB2F690082A01A /* AppCoordinator.swift */,
				C18E954121FC6D4A0082A01A /* LocationStorage.swift */,
			);
			path = Application;
			sourceTree = "<group>";
		};
		C18E950021FB2D6C0082A01A /* Models */ = {
			isa = PBXGroup;
			children = (
				C18E953521FBAED30082A01A /* ListOfLocationsViewModel */,
				C18E951821FB5CB80082A01A /* CurrentLocationViewModels */,
				C18E951521FB40780082A01A /* JSONModels */,
			);
			path = Models;
			sourceTree = "<group>";
		};
		C18E950121FB2D710082A01A /* Screens */ = {
			isa = PBXGroup;
			children = (
				C18E954321FC85E90082A01A /* LocationInfoScreen */,
				C18E952E21FBAD440082A01A /* ListOfLocationsScreen */,
				C18E951C21FB67710082A01A /* FindCityScreen */,
				C18E950921FB30F20082A01A /* CurrentLocationScreen */,
			);
			path = Screens;
			sourceTree = "<group>";
		};
		C18E950221FB2D9D0082A01A /* Coordinator related */ = {
			isa = PBXGroup;
			children = (
				C18E950321FB2DD90082A01A /* Coordinator.swift */,
				C18E950521FB2DF90082A01A /* StoryboardInstantiable.swift */,
				C18E952A21FB85B70082A01A /* UI + extensions.swift */,
			);
			path = "Coordinator related";
			sourceTree = "<group>";
		};
		C18E950921FB30F20082A01A /* CurrentLocationScreen */ = {
			isa = PBXGroup;
			children = (
				C18E950A21FB31330082A01A /* CurrentLocationViewController.swift */,
				C18E950E21FB31A70082A01A /* CurrentLocationViewController.storyboard */,
				C18E951021FB32600082A01A /* CurrentLocationCoordinator.swift */,
			);
			path = CurrentLocationScreen;
			sourceTree = "<group>";
		};
		C18E951221FB3CF50082A01A /* ApiManagers */ = {
			isa = PBXGroup;
			children = (
				C18E951321FB3D170082A01A /* SunriseSunsetManager.swift */,
				C18E952321FB6ABE0082A01A /* GooglePlacesManager.swift */,
			);
			path = ApiManagers;
			sourceTree = "<group>";
		};
		C18E951521FB40780082A01A /* JSONModels */ = {
			isa = PBXGroup;
			children = (
				C18E951621FB40A50082A01A /* SunsetSunriseInfo.swift */,
				C18E952521FB6E4D0082A01A /* GooglePlaceInfo.swift */,
				C18E952C21FB92780082A01A /* TimeZoneModel.swift */,
			);
			path = JSONModels;
			sourceTree = "<group>";
		};
		C18E951821FB5CB80082A01A /* CurrentLocationViewModels */ = {
			isa = PBXGroup;
			children = (
				C18E951A21FB5CDF0082A01A /* LocationInfoViewModel.swift */,
			);
			path = CurrentLocationViewModels;
			sourceTree = "<group>";
		};
		C18E951C21FB67710082A01A /* FindCityScreen */ = {
			isa = PBXGroup;
			children = (
				C18E951D21FB67A90082A01A /* FindCityViewController.swift */,
				C18E951F21FB67CE0082A01A /* FindCityViewController.storyboard */,
				C18E952121FB67FA0082A01A /* FindCityCoordinator.swift */,
			);
			path = FindCityScreen;
			sourceTree = "<group>";
		};
		C18E952E21FBAD440082A01A /* ListOfLocationsScreen */ = {
			isa = PBXGroup;
			children = (
				C18E953821FBB1DF0082A01A /* Cells */,
				C18E952F21FBAD820082A01A /* ListOfLocationsViewController.swift */,
				C18E953121FBADA20082A01A /* ListOfLocationsViewController.storyboard */,
				C18E953321FBADD50082A01A /* ListOfLocationsCoordinator.swift */,
			);
			path = ListOfLocationsScreen;
			sourceTree = "<group>";
		};
		C18E953521FBAED30082A01A /* ListOfLocationsViewModel */ = {
			isa = PBXGroup;
			children = (
				C18E953621FBAEF10082A01A /* ListOfLocationsViewModel.swift */,
			);
			path = ListOfLocationsViewModel;
			sourceTree = "<group>";
		};
		C18E953821FBB1DF0082A01A /* Cells */ = {
			isa = PBXGroup;
			children = (
				C18E953921FBB20B0082A01A /* ListOfLocationsTableViewCell.swift */,
				C18E953A21FBB20C0082A01A /* ListOfLocationsTableViewCell.xib */,
				C18E953D21FBC4640082A01A /* AddLocationTableViewCell.swift */,
				C18E953E21FBC4640082A01A /* AddLocationTableViewCell.xib */,
			);
			path = Cells;
			sourceTree = "<group>";
		};
		C18E954321FC85E90082A01A /* LocationInfoScreen */ = {
			isa = PBXGroup;
			children = (
				C18E954421FC860C0082A01A /* InfoViewController.swift */,
				C18E954621FC86250082A01A /* InfoViewController.storyboard */,
				C18E954821FC865A0082A01A /* InfoCoordinator.swift */,
			);
			path = LocationInfoScreen;
			sourceTree = "<group>";
		};
/* End PBXGroup section */

/* Begin PBXNativeTarget section */
		C18E94E921FB25BC0082A01A /* SunriseSunset */ = {
			isa = PBXNativeTarget;
			buildConfigurationList = C18E94FC21FB25BF0082A01A /* Build configuration list for PBXNativeTarget "SunriseSunset" */;
			buildPhases = (
				C18E94E621FB25BC0082A01A /* Sources */,
				C18E94E721FB25BC0082A01A /* Frameworks */,
				C18E94E821FB25BC0082A01A /* Resources */,
			);
			buildRules = (
			);
			dependencies = (
			);
			name = SunriseSunset;
			productName = SunriseSunset;
			productReference = C18E94EA21FB25BC0082A01A /* SunriseSunset.app */;
			productType = "com.apple.product-type.application";
		};
/* End PBXNativeTarget section */

/* Begin PBXProject section */
		C18E94E221FB25BC0082A01A /* Project object */ = {
			isa = PBXProject;
			attributes = {
				LastSwiftUpdateCheck = 1010;
				LastUpgradeCheck = 1010;
				ORGANIZATIONNAME = Kolos;
				TargetAttributes = {
					C18E94E921FB25BC0082A01A = {
						CreatedOnToolsVersion = 10.1;
					};
				};
			};
			buildConfigurationList = C18E94E521FB25BC0082A01A /* Build configuration list for PBXProject "SunriseSunset" */;
			compatibilityVersion = "Xcode 9.3";
			developmentRegion = en;
			hasScannedForEncodings = 0;
			knownRegions = (
				en,
				Base,
			);
			mainGroup = C18E94E121FB25BC0082A01A;
			productRefGroup = C18E94EB21FB25BC0082A01A /* Products */;
			projectDirPath = "";
			projectRoot = "";
			targets = (
				C18E94E921FB25BC0082A01A /* SunriseSunset */,
			);
		};
/* End PBXProject section */

/* Begin PBXResourcesBuildPhase section */
		C18E94E821FB25BC0082A01A /* Resources */ = {
			isa = PBXResourcesBuildPhase;
			buildActionMask = 2147483647;
			files = (
				C18E953C21FBB20C0082A01A /* ListOfLocationsTableViewCell.xib in Resources */,
				C18E94F821FB25BF0082A01A /* LaunchScreen.storyboard in Resources */,
				C18E94F521FB25BF0082A01A /* Assets.xcassets in Resources */,
				C18E950F21FB31A70082A01A /* CurrentLocationViewController.storyboard in Resources */,
				C18E954021FBC4640082A01A /* AddLocationTableViewCell.xib in Resources */,
				C18E953221FBADA20082A01A /* ListOfLocationsViewController.storyboard in Resources */,
				C18E952021FB67CE0082A01A /* FindCityViewController.storyboard in Resources */,
				C18E954721FC86250082A01A /* InfoViewController.storyboard in Resources */,
			);
			runOnlyForDeploymentPostprocessing = 0;
		};
/* End PBXResourcesBuildPhase section */

/* Begin PBXSourcesBuildPhase section */
		C18E94E621FB25BC0082A01A /* Sources */ = {
			isa = PBXSourcesBuildPhase;
			buildActionMask = 2147483647;
			files = (
				C18E952421FB6ABE0082A01A /* GooglePlacesManager.swift in Sources */,
				C18E951421FB3D170082A01A /* SunriseSunsetManager.swift in Sources */,
				C18E951721FB40A50082A01A /* SunsetSunriseInfo.swift in Sources */,
				C18E953421FBADD50082A01A /* ListOfLocationsCoordinator.swift in Sources */,
				C18E951121FB32600082A01A /* CurrentLocationCoordinator.swift in Sources */,
				C18E952221FB67FA0082A01A /* FindCityCoordinator.swift in Sources */,
				C18E953F21FBC4640082A01A /* AddLocationTableViewCell.swift in Sources */,
				C18E954921FC865A0082A01A /* InfoCoordinator.swift in Sources */,
				C18E953721FBAEF10082A01A /* ListOfLocationsViewModel.swift in Sources */,
				C18E94EE21FB25BC0082A01A /* AppDelegate.swift in Sources */,
				C18E952621FB6E4D0082A01A /* GooglePlaceInfo.swift in Sources */,
				C18E950B21FB31330082A01A /* CurrentLocationViewController.swift in Sources */,
				C18E952D21FB92780082A01A /* TimeZoneModel.swift in Sources */,
				C18E954521FC860D0082A01A /* InfoViewController.swift in Sources */,
				C18E954221FC6D4A0082A01A /* LocationStorage.swift in Sources */,
				C18E950821FB2F690082A01A /* AppCoordinator.swift in Sources */,
				C18E953021FBAD820082A01A /* ListOfLocationsViewController.swift in Sources */,
				C18E951E21FB67A90082A01A /* FindCityViewController.swift in Sources */,
				C18E953B21FBB20C0082A01A /* ListOfLocationsTableViewCell.swift in Sources */,
				C18E950621FB2DF90082A01A /* StoryboardInstantiable.swift in Sources */,
				C18E952B21FB85B70082A01A /* UI + extensions.swift in Sources */,
				C18E950421FB2DD90082A01A /* Coordinator.swift in Sources */,
				C18E951B21FB5CDF0082A01A /* LocationInfoViewModel.swift in Sources */,
			);
			runOnlyForDeploymentPostprocessing = 0;
		};
/* End PBXSourcesBuildPhase section */

/* Begin PBXVariantGroup section */
		C18E94F621FB25BF0082A01A /* LaunchScreen.storyboard */ = {
			isa = PBXVariantGroup;
			children = (
				C18E94F721FB25BF0082A01A /* Base */,
			);
			name = LaunchScreen.storyboard;
			sourceTree = "<group>";
		};
/* End PBXVariantGroup section */

/* Begin XCBuildConfiguration section */
		C18E94FA21FB25BF0082A01A /* Debug */ = {
			isa = XCBuildConfiguration;
			buildSettings = {
				ALWAYS_SEARCH_USER_PATHS = NO;
				CLANG_ANALYZER_NONNULL = YES;
				CLANG_ANALYZER_NUMBER_OBJECT_CONVERSION = YES_AGGRESSIVE;
				CLANG_CXX_LANGUAGE_STANDARD = "gnu++14";
				CLANG_CXX_LIBRARY = "libc++";
				CLANG_ENABLE_MODULES = YES;
				CLANG_ENABLE_OBJC_ARC = YES;
				CLANG_ENABLE_OBJC_WEAK = YES;
				CLANG_WARN_BLOCK_CAPTURE_AUTORELEASING = YES;
				CLANG_WARN_BOOL_CONVERSION = YES;
				CLANG_WARN_COMMA = YES;
				CLANG_WARN_CONSTANT_CONVERSION = YES;
				CLANG_WARN_DEPRECATED_OBJC_IMPLEMENTATIONS = YES;
				CLANG_WARN_DIRECT_OBJC_ISA_USAGE = YES_ERROR;
				CLANG_WARN_DOCUMENTATION_COMMENTS = YES;
				CLANG_WARN_EMPTY_BODY = YES;
				CLANG_WARN_ENUM_CONVERSION = YES;
				CLANG_WARN_INFINITE_RECURSION = YES;
				CLANG_WARN_INT_CONVERSION = YES;
				CLANG_WARN_NON_LITERAL_NULL_CONVERSION = YES;
				CLANG_WARN_OBJC_IMPLICIT_RETAIN_SELF = YES;
				CLANG_WARN_OBJC_LITERAL_CONVERSION = YES;
				CLANG_WARN_OBJC_ROOT_CLASS = YES_ERROR;
				CLANG_WARN_RANGE_LOOP_ANALYSIS = YES;
				CLANG_WARN_STRICT_PROTOTYPES = YES;
				CLANG_WARN_SUSPICIOUS_MOVE = YES;
				CLANG_WARN_UNGUARDED_AVAILABILITY = YES_AGGRESSIVE;
				CLANG_WARN_UNREACHABLE_CODE = YES;
				CLANG_WARN__DUPLICATE_METHOD_MATCH = YES;
				CODE_SIGN_IDENTITY = "iPhone Developer";
				COPY_PHASE_STRIP = NO;
				DEBUG_INFORMATION_FORMAT = dwarf;
				ENABLE_STRICT_OBJC_MSGSEND = YES;
				ENABLE_TESTABILITY = YES;
				GCC_C_LANGUAGE_STANDARD = gnu11;
				GCC_DYNAMIC_NO_PIC = NO;
				GCC_NO_COMMON_BLOCKS = YES;
				GCC_OPTIMIZATION_LEVEL = 0;
				GCC_PREPROCESSOR_DEFINITIONS = (
					"DEBUG=1",
					"$(inherited)",
				);
				GCC_WARN_64_TO_32_BIT_CONVERSION = YES;
				GCC_WARN_ABOUT_RETURN_TYPE = YES_ERROR;
				GCC_WARN_UNDECLARED_SELECTOR = YES;
				GCC_WARN_UNINITIALIZED_AUTOS = YES_AGGRESSIVE;
				GCC_WARN_UNUSED_FUNCTION = YES;
				GCC_WARN_UNUSED_VARIABLE = YES;
				IPHONEOS_DEPLOYMENT_TARGET = 12.1;
				MTL_ENABLE_DEBUG_INFO = INCLUDE_SOURCE;
				MTL_FAST_MATH = YES;
				ONLY_ACTIVE_ARCH = YES;
				SDKROOT = iphoneos;
				SWIFT_ACTIVE_COMPILATION_CONDITIONS = DEBUG;
				SWIFT_OPTIMIZATION_LEVEL = "-Onone";
			};
			name = Debug;
		};
		C18E94FB21FB25BF0082A01A /* Release */ = {
			isa = XCBuildConfiguration;
			buildSettings = {
				ALWAYS_SEARCH_USER_PATHS = NO;
				CLANG_ANALYZER_NONNULL = YES;
				CLANG_ANALYZER_NUMBER_OBJECT_CONVERSION = YES_AGGRESSIVE;
				CLANG_CXX_LANGUAGE_STANDARD = "gnu++14";
				CLANG_CXX_LIBRARY = "libc++";
				CLANG_ENABLE_MODULES = YES;
				CLANG_ENABLE_OBJC_ARC = YES;
				CLANG_ENABLE_OBJC_WEAK = YES;
				CLANG_WARN_BLOCK_CAPTURE_AUTORELEASING = YES;
				CLANG_WARN_BOOL_CONVERSION = YES;
				CLANG_WARN_COMMA = YES;
				CLANG_WARN_CONSTANT_CONVERSION = YES;
				CLANG_WARN_DEPRECATED_OBJC_IMPLEMENTATIONS = YES;
				CLANG_WARN_DIRECT_OBJC_ISA_USAGE = YES_ERROR;
				CLANG_WARN_DOCUMENTATION_COMMENTS = YES;
				CLANG_WARN_EMPTY_BODY = YES;
				CLANG_WARN_ENUM_CONVERSION = YES;
				CLANG_WARN_INFINITE_RECURSION = YES;
				CLANG_WARN_INT_CONVERSION = YES;
				CLANG_WARN_NON_LITERAL_NULL_CONVERSION = YES;
				CLANG_WARN_OBJC_IMPLICIT_RETAIN_SELF = YES;
				CLANG_WARN_OBJC_LITERAL_CONVERSION = YES;
				CLANG_WARN_OBJC_ROOT_CLASS = YES_ERROR;
				CLANG_WARN_RANGE_LOOP_ANALYSIS = YES;
				CLANG_WARN_STRICT_PROTOTYPES = YES;
				CLANG_WARN_SUSPICIOUS_MOVE = YES;
				CLANG_WARN_UNGUARDED_AVAILABILITY = YES_AGGRESSIVE;
				CLANG_WARN_UNREACHABLE_CODE = YES;
				CLANG_WARN__DUPLICATE_METHOD_MATCH = YES;
				CODE_SIGN_IDENTITY = "iPhone Developer";
				COPY_PHASE_STRIP = NO;
				DEBUG_INFORMATION_FORMAT = "dwarf-with-dsym";
				ENABLE_NS_ASSERTIONS = NO;
				ENABLE_STRICT_OBJC_MSGSEND = YES;
				GCC_C_LANGUAGE_STANDARD = gnu11;
				GCC_NO_COMMON_BLOCKS = YES;
				GCC_WARN_64_TO_32_BIT_CONVERSION = YES;
				GCC_WARN_ABOUT_RETURN_TYPE = YES_ERROR;
				GCC_WARN_UNDECLARED_SELECTOR = YES;
				GCC_WARN_UNINITIALIZED_AUTOS = YES_AGGRESSIVE;
				GCC_WARN_UNUSED_FUNCTION = YES;
				GCC_WARN_UNUSED_VARIABLE = YES;
				IPHONEOS_DEPLOYMENT_TARGET = 12.1;
				MTL_ENABLE_DEBUG_INFO = NO;
				MTL_FAST_MATH = YES;
				SDKROOT = iphoneos;
				SWIFT_COMPILATION_MODE = wholemodule;
				SWIFT_OPTIMIZATION_LEVEL = "-O";
				VALIDATE_PRODUCT = YES;
			};
			name = Release;
		};
		C18E94FD21FB25BF0082A01A /* Debug */ = {
			isa = XCBuildConfiguration;
			buildSettings = {
				ASSETCATALOG_COMPILER_APPICON_NAME = AppIcon;
				CODE_SIGN_STYLE = Automatic;
				INFOPLIST_FILE = SunriseSunset/Application/Info.plist;
				LD_RUNPATH_SEARCH_PATHS = (
					"$(inherited)",
					"@executable_path/Frameworks",
				);
				PRODUCT_BUNDLE_IDENTIFIER = kolosqko.SunriseSunset;
				PRODUCT_NAME = "$(TARGET_NAME)";
				SWIFT_VERSION = 4.2;
				TARGETED_DEVICE_FAMILY = "1,2";
			};
			name = Debug;
		};
		C18E94FE21FB25BF0082A01A /* Release */ = {
			isa = XCBuildConfiguration;
			buildSettings = {
				ASSETCATALOG_COMPILER_APPICON_NAME = AppIcon;
				CODE_SIGN_STYLE = Automatic;
				INFOPLIST_FILE = SunriseSunset/Application/Info.plist;
				LD_RUNPATH_SEARCH_PATHS = (
					"$(inherited)",
					"@executable_path/Frameworks",
				);
				PRODUCT_BUNDLE_IDENTIFIER = kolosqko.SunriseSunset;
				PRODUCT_NAME = "$(TARGET_NAME)";
				SWIFT_VERSION = 4.2;
				TARGETED_DEVICE_FAMILY = "1,2";
			};
			name = Release;
		};
/* End XCBuildConfiguration section */

/* Begin XCConfigurationList section */
		C18E94E521FB25BC0082A01A /* Build configuration list for PBXProject "SunriseSunset" */ = {
			isa = XCConfigurationList;
			buildConfigurations = (
				C18E94FA21FB25BF0082A01A /* Debug */,
				C18E94FB21FB25BF0082A01A /* Release */,
			);
			defaultConfigurationIsVisible = 0;
			defaultConfigurationName = Release;
		};
		C18E94FC21FB25BF0082A01A /* Build configuration list for PBXNativeTarget "SunriseSunset" */ = {
			isa = XCConfigurationList;
			buildConfigurations = (
				C18E94FD21FB25BF0082A01A /* Debug */,
				C18E94FE21FB25BF0082A01A /* Release */,
			);
			defaultConfigurationIsVisible = 0;
			defaultConfigurationName = Release;
		};
/* End XCConfigurationList section */
	};
	rootObject = C18E94E221FB25BC0082A01A /* Project object */;
}
